
Microsoft Visual Studio Solution File, Format Version 12.00
# Visual Studio Version 17
VisualStudioVersion = 17.0.31919.166
MinimumVisualStudioVersion = 10.0.40219.1
Project("{FAE04EC0-301F-11D3-BF4B-00C04F79EFBC}") = "ComboBox Kontrola", "ComboBox Kontrola.csproj", "{8830F5C4-C714-45B0-A7C5-7205687A3CC4}"
EndProject
Global
	GlobalSection(SolutionConfigurationPlatforms) = preSolution
		Debug|Any CPU = Debug|Any CPU
		Release|Any CPU = Release|Any CPU
	EndGlobalSection
	GlobalSection(ProjectConfigurationPlatforms) = postSolution
		{8830F5C4-C714-45B0-A7C5-7205687A3CC4}.Debug|Any CPU.ActiveCfg = Debug|Any CPU
		{8830F5C4-C714-45B0-A7C5-7205687A3CC4}.Debug|Any CPU.Build.0 = Debug|Any CPU
		{8830F5C4-C714-45B0-A7C5-7205687A3CC4}.Release|Any CPU.ActiveCfg = Release|Any CPU
		{8830F5C4-C714-45B0-A7C5-7205687A3CC4}.Release|Any CPU.Build.0 = Release|Any CPU
	EndGlobalSection
	GlobalSection(SolutionProperties) = preSolution
		HideSolutionNode = FALSE
	EndGlobalSection
	GlobalSection(ExtensibilityGlobals) = postSolution
		SolutionGuid = {B596820C-F00D-4F99-8732-FE6E0E3757C4}
	EndGlobalSection
EndGlobal
